
Microsoft Visual Studio Solution File, Format Version 12.00
# Visual Studio Version 17
VisualStudioVersion = 17.2.32616.157
MinimumVisualStudioVersion = 10.0.40219.1
Project("{9A19103F-16F7-4668-BE54-9A1E7A4F7556}") = "ConsoleApp", "ConsoleApp\ConsoleApp.csproj", "{17A904C2-D6C8-46F1-8DAA-D95C263680E6}"
EndProject
Project("{9A19103F-16F7-4668-BE54-9A1E7A4F7556}") = "ConsoleApp1", "ConsoleApp1\ConsoleApp1.csproj", "{A3942046-1140-480D-99CF-541AC0A154A5}"
EndProject
Project("{9A19103F-16F7-4668-BE54-9A1E7A4F7556}") = "ConsoleApp2", "ConsoleApp2\ConsoleApp2.csproj", "{8E972BBE-CE52-4B86-AA6E-EED0A883F446}"
EndProject
Project("{9A19103F-16F7-4668-BE54-9A1E7A4F7556}") = "ConsoleApp3", "ConsoleApp3\ConsoleApp3.csproj", "{1D351713-E879-4286-9794-EBB6A3E1FF72}"
EndProject
Project("{9A19103F-16F7-4668-BE54-9A1E7A4F7556}") = "ConsoleApp4", "ConsoleApp4\ConsoleApp4.csproj", "{0DAACFD0-BD23-4689-958B-A89C8152892D}"
EndProject
Project("{9A19103F-16F7-4668-BE54-9A1E7A4F7556}") = "ConsoleApp5", "ConsoleApp5\ConsoleApp5.csproj", "{14275EBD-2E65-492D-9464-EE352A7FB30B}"
EndProject
Project("{9A19103F-16F7-4668-BE54-9A1E7A4F7556}") = "ConsoleApp6", "ConsoleApp6\ConsoleApp6.csproj", "{55F1AA51-2F00-46F8-8EED-9CCE35E652C6}"
EndProject
Project("{FAE04EC0-301F-11D3-BF4B-00C04F79EFBC}") = "ConsoleApp7", "ConsoleApp7\ConsoleApp7.csproj", "{EB1C4CBE-D204-407B-B8FA-F4E00C19D2EC}"
EndProject
Global
	GlobalSection(SolutionConfigurationPlatforms) = preSolution
		Debug|Any CPU = Debug|Any CPU
		Release|Any CPU = Release|Any CPU
	EndGlobalSection
	GlobalSection(ProjectConfigurationPlatforms) = postSolution
		{17A904C2-D6C8-46F1-8DAA-D95C263680E6}.Debug|Any CPU.ActiveCfg = Debug|Any CPU
		{17A904C2-D6C8-46F1-8DAA-D95C263680E6}.Debug|Any CPU.Build.0 = Debug|Any CPU
		{17A904C2-D6C8-46F1-8DAA-D95C263680E6}.Release|Any CPU.ActiveCfg = Release|Any CPU
		{17A904C2-D6C8-46F1-8DAA-D95C263680E6}.Release|Any CPU.Build.0 = Release|Any CPU
		{A3942046-1140-480D-99CF-541AC0A154A5}.Debug|Any CPU.ActiveCfg = Debug|Any CPU
		{A3942046-1140-480D-99CF-541AC0A154A5}.Debug|Any CPU.Build.0 = Debug|Any CPU
		{A3942046-1140-480D-99CF-541AC0A154A5}.Release|Any CPU.ActiveCfg = Release|Any CPU
		{A3942046-1140-480D-99CF-541AC0A154A5}.Release|Any CPU.Build.0 = Release|Any CPU
		{8E972BBE-CE52-4B86-AA6E-EED0A883F446}.Debug|Any CPU.ActiveCfg = Debug|Any CPU
		{8E972BBE-CE52-4B86-AA6E-EED0A883F446}.Debug|Any CPU.Build.0 = Debug|Any CPU
		{8E972BBE-CE52-4B86-AA6E-EED0A883F446}.Release|Any CPU.ActiveCfg = Release|Any CPU
		{8E972BBE-CE52-4B86-AA6E-EED0A883F446}.Release|Any CPU.Build.0 = Release|Any CPU
		{1D351713-E879-4286-9794-EBB6A3E1FF72}.Debug|Any CPU.ActiveCfg = Debug|Any CPU
		{1D351713-E879-4286-9794-EBB6A3E1FF72}.Debug|Any CPU.Build.0 = Debug|Any CPU
		{1D351713-E879-4286-9794-EBB6A3E1FF72}.Release|Any CPU.ActiveCfg = Release|Any CPU
		{1D351713-E879-4286-9794-EBB6A3E1FF72}.Release|Any CPU.Build.0 = Release|Any CPU
		{0DAACFD0-BD23-4689-958B-A89C8152892D}.Debug|Any CPU.ActiveCfg = Debug|Any CPU
		{0DAACFD0-BD23-4689-958B-A89C8152892D}.Debug|Any CPU.Build.0 = Debug|Any CPU
		{0DAACFD0-BD23-4689-958B-A89C8152892D}.Release|Any CPU.ActiveCfg = Release|Any CPU
		{0DAACFD0-BD23-4689-958B-A89C8152892D}.Release|Any CPU.Build.0 = Release|Any CPU
		{14275EBD-2E65-492D-9464-EE352A7FB30B}.Debug|Any CPU.ActiveCfg = Debug|Any CPU
		{14275EBD-2E65-492D-9464-EE352A7FB30B}.Debug|Any CPU.Build.0 = Debug|Any CPU
		{14275EBD-2E65-492D-9464-EE352A7FB30B}.Release|Any CPU.ActiveCfg = Release|Any CPU
		{14275EBD-2E65-492D-9464-EE352A7FB30B}.Release|Any CPU.Build.0 = Release|Any CPU
		{55F1AA51-2F00-46F8-8EED-9CCE35E652C6}.Debug|Any CPU.ActiveCfg = Debug|Any CPU
		{55F1AA51-2F00-46F8-8EED-9CCE35E652C6}.Debug|Any CPU.Build.0 = Debug|Any CPU
		{55F1AA51-2F00-46F8-8EED-9CCE35E652C6}.Release|Any CPU.ActiveCfg = Release|Any CPU
		{55F1AA51-2F00-46F8-8EED-9CCE35E652C6}.Release|Any CPU.Build.0 = Release|Any CPU
		{EB1C4CBE-D204-407B-B8FA-F4E00C19D2EC}.Debug|Any CPU.ActiveCfg = Debug|Any CPU
		{EB1C4CBE-D204-407B-B8FA-F4E00C19D2EC}.Debug|Any CPU.Build.0 = Debug|Any CPU
		{EB1C4CBE-D204-407B-B8FA-F4E00C19D2EC}.Release|Any CPU.ActiveCfg = Release|Any CPU
		{EB1C4CBE-D204-407B-B8FA-F4E00C19D2EC}.Release|Any CPU.Build.0 = Release|Any CPU
	EndGlobalSection
	GlobalSection(SolutionProperties) = preSolution
		HideSolutionNode = FALSE
	EndGlobalSection
	GlobalSection(ExtensibilityGlobals) = postSolution
		SolutionGuid = {95D4DA83-74F7-4B02-9DCE-4FB8ECE6123C}
	EndGlobalSection
EndGlobal
